
Microsoft Visual Studio Solution File, Format Version 12.00
# Visual Studio Version 17
VisualStudioVersion = 17.14.36408.4 d17.14
MinimumVisualStudioVersion = 10.0.40219.1
Project("{FAE04EC0-301F-11D3-BF4B-00C04F79EFBC}") = "OrderService", "OrderService\OrderService.csproj", "{F704CD1C-D7E8-4AFD-9518-179546F2819F}"
EndProject
Project("{FAE04EC0-301F-11D3-BF4B-00C04F79EFBC}") = "Shared", "Shared\Shared.csproj", "{3429A993-D320-4D6E-AF76-1628B511BFC0}"
EndProject
Project("{2150E333-8FDC-42A3-9474-1A3956D46DE8}") = "Solution Items", "Solution Items", "{8EC462FD-D22E-90A8-E5CE-7E832BA40C5D}"
	ProjectSection(SolutionItems) = preProject
		docker-compose.yml = docker-compose.yml
	EndProjectSection
EndProject
Project("{FAE04EC0-301F-11D3-BF4B-00C04F79EFBC}") = "BillingService", "BillingService\BillingService.csproj", "{CA946ED1-C590-4105-A6F7-F030118A7FE9}"
EndProject
Global
	GlobalSection(SolutionConfigurationPlatforms) = preSolution
		Debug|Any CPU = Debug|Any CPU
		Release|Any CPU = Release|Any CPU
	EndGlobalSection
	GlobalSection(ProjectConfigurationPlatforms) = postSolution
		{F704CD1C-D7E8-4AFD-9518-179546F2819F}.Debug|Any CPU.ActiveCfg = Debug|Any CPU
		{F704CD1C-D7E8-4AFD-9518-179546F2819F}.Debug|Any CPU.Build.0 = Debug|Any CPU
		{F704CD1C-D7E8-4AFD-9518-179546F2819F}.Release|Any CPU.ActiveCfg = Release|Any CPU
		{F704CD1C-D7E8-4AFD-9518-179546F2819F}.Release|Any CPU.Build.0 = Release|Any CPU
		{3429A993-D320-4D6E-AF76-1628B511BFC0}.Debug|Any CPU.ActiveCfg = Debug|Any CPU
		{3429A993-D320-4D6E-AF76-1628B511BFC0}.Debug|Any CPU.Build.0 = Debug|Any CPU
		{3429A993-D320-4D6E-AF76-1628B511BFC0}.Release|Any CPU.ActiveCfg = Release|Any CPU
		{3429A993-D320-4D6E-AF76-1628B511BFC0}.Release|Any CPU.Build.0 = Release|Any CPU
		{CA946ED1-C590-4105-A6F7-F030118A7FE9}.Debug|Any CPU.ActiveCfg = Debug|Any CPU
		{CA946ED1-C590-4105-A6F7-F030118A7FE9}.Debug|Any CPU.Build.0 = Debug|Any CPU
		{CA946ED1-C590-4105-A6F7-F030118A7FE9}.Release|Any CPU.ActiveCfg = Release|Any CPU
		{CA946ED1-C590-4105-A6F7-F030118A7FE9}.Release|Any CPU.Build.0 = Release|Any CPU
	EndGlobalSection
	GlobalSection(SolutionProperties) = preSolution
		HideSolutionNode = FALSE
	EndGlobalSection
	GlobalSection(ExtensibilityGlobals) = postSolution
		SolutionGuid = {466671A0-2676-447C-805F-6B1230D4741A}
	EndGlobalSection
EndGlobal
